{
  "requires": true,
  "lockfileVersion": 1,
  "dependencies": {
    "suvi_palindrome": {
      "version": "0.1.0",
      "resolved": "https://registry.npmjs.org/suvi_palindrome/-/suvi_palindrome-0.1.0.tgz",
      "integrity": "sha512-w9OjgR+MNwwbsjr99FKa8Pu73TbBnIVbRc+EljFfevZKCOXhS+IfZFFEGxBqTCqrYtAOnAJP4YD4FgFPGbRiGQ=="
    }
  }
}
