{
  "requires": true,
  "lockfileVersion": 1,
  "dependencies": {
    "suvi_palindrome": {
      "version": "0.1.1",
      "resolved": "https://registry.npmjs.org/suvi_palindrome/-/suvi_palindrome-0.1.1.tgz",
      "integrity": "sha512-4mzx6wiYY6M6wbzK8fq6wuNtTD+r0/f380Ezzoa+P99F5RqPhgevwAnAtdpBGew66SIf6gwWPZoEBDV9wawSiw=="
    }
  }
}
